
Microsoft Visual Studio Solution File, Format Version 12.00
# Visual Studio Version 17
VisualStudioVersion = 17.14.36310.24 d17.14
MinimumVisualStudioVersion = 10.0.40219.1
Project("{FAE04EC0-301F-11D3-BF4B-00C04F79EFBC}") = "ECommerce.Domain", "src\ECommerce.Domain\ECommerce.Domain.csproj", "{A159224D-0CA9-4730-8BA6-91A13285FFF5}"
EndProject
Project("{2150E333-8FDC-42A3-9474-1A3956D46DE8}") = "Docs", "Docs", "{02EA681E-C7D8-13C7-8484-4AC65E1B71E8}"
	ProjectSection(SolutionItems) = preProject
		docs\ecommerce-phase1.md = docs\ecommerce-phase1.md
	EndProjectSection
EndProject
Project("{FAE04EC0-301F-11D3-BF4B-00C04F79EFBC}") = "ECommerce.Application", "src\ECommerce.Application\ECommerce.Application.csproj", "{E2743E17-4551-4E0E-BCE7-9182799D11B4}"
EndProject
Project("{FAE04EC0-301F-11D3-BF4B-00C04F79EFBC}") = "ECommerce.Infrastructure", "src\ECommerce.Infrastructure\ECommerce.Infrastructure.csproj", "{72F08D85-7818-4034-A572-A8027660627E}"
EndProject
Project("{FAE04EC0-301F-11D3-BF4B-00C04F79EFBC}") = "ECommerce.API", "src\ECommerce.API\ECommerce.API.csproj", "{D4353929-8CB8-484F-BCE2-78CD0B61203D}"
EndProject
Global
	GlobalSection(SolutionConfigurationPlatforms) = preSolution
		Debug|Any CPU = Debug|Any CPU
		Release|Any CPU = Release|Any CPU
	EndGlobalSection
	GlobalSection(ProjectConfigurationPlatforms) = postSolution
		{A159224D-0CA9-4730-8BA6-91A13285FFF5}.Debug|Any CPU.ActiveCfg = Debug|Any CPU
		{A159224D-0CA9-4730-8BA6-91A13285FFF5}.Debug|Any CPU.Build.0 = Debug|Any CPU
		{A159224D-0CA9-4730-8BA6-91A13285FFF5}.Release|Any CPU.ActiveCfg = Release|Any CPU
		{A159224D-0CA9-4730-8BA6-91A13285FFF5}.Release|Any CPU.Build.0 = Release|Any CPU
		{E2743E17-4551-4E0E-BCE7-9182799D11B4}.Debug|Any CPU.ActiveCfg = Debug|Any CPU
		{E2743E17-4551-4E0E-BCE7-9182799D11B4}.Debug|Any CPU.Build.0 = Debug|Any CPU
		{E2743E17-4551-4E0E-BCE7-9182799D11B4}.Release|Any CPU.ActiveCfg = Release|Any CPU
		{E2743E17-4551-4E0E-BCE7-9182799D11B4}.Release|Any CPU.Build.0 = Release|Any CPU
		{72F08D85-7818-4034-A572-A8027660627E}.Debug|Any CPU.ActiveCfg = Debug|Any CPU
		{72F08D85-7818-4034-A572-A8027660627E}.Debug|Any CPU.Build.0 = Debug|Any CPU
		{72F08D85-7818-4034-A572-A8027660627E}.Release|Any CPU.ActiveCfg = Release|Any CPU
		{72F08D85-7818-4034-A572-A8027660627E}.Release|Any CPU.Build.0 = Release|Any CPU
		{D4353929-8CB8-484F-BCE2-78CD0B61203D}.Debug|Any CPU.ActiveCfg = Debug|Any CPU
		{D4353929-8CB8-484F-BCE2-78CD0B61203D}.Debug|Any CPU.Build.0 = Debug|Any CPU
		{D4353929-8CB8-484F-BCE2-78CD0B61203D}.Release|Any CPU.ActiveCfg = Release|Any CPU
		{D4353929-8CB8-484F-BCE2-78CD0B61203D}.Release|Any CPU.Build.0 = Release|Any CPU
	EndGlobalSection
	GlobalSection(SolutionProperties) = preSolution
		HideSolutionNode = FALSE
	EndGlobalSection
	GlobalSection(ExtensibilityGlobals) = postSolution
		SolutionGuid = {24E303AB-DACE-491B-99AA-93EC04968846}
	EndGlobalSection
EndGlobal
